// !$*UTF8*$!
{
	archiveVersion = 1;
	classes = {
	};
	objectVersion = 46;
	objects = {

/* Begin PBXBuildFile section */
		18075C7B1CBB547300BE5D14 /* MusicTypeModel.m in Sources */ = {isa = PBXBuildFile; fileRef = 18075C7A1CBB547300BE5D14 /* MusicTypeModel.m */; };
		181592E01CBB3EB30033299C /* background.jpg in Resources */ = {isa = PBXBuildFile; fileRef = 181592AA1CBB3EB30033299C /* background.jpg */; };
		181592E11CBB3EB30033299C /* bkg_non_first_normal_theme1.png in Resources */ = {isa = PBXBuildFile; fileRef = 181592AB1CBB3EB30033299C /* bkg_non_first_normal_theme1.png */; };
		181592E21CBB3EB30033299C /* btn_back_search.png in Resources */ = {isa = PBXBuildFile; fileRef = 181592AC1CBB3EB30033299C /* btn_back_search.png */; };
		181592E31CBB3EB30033299C /* btn_back.png in Resources */ = {isa = PBXBuildFile; fileRef = 181592AD1CBB3EB30033299C /* btn_back.png */; };
		181592E41CBB3EB30033299C /* btn_vc_back.png in Resources */ = {isa = PBXBuildFile; fileRef = 181592AE1CBB3EB30033299C /* btn_vc_back.png */; };
		181592E51CBB3EB30033299C /* btn_vs_visual.png in Resources */ = {isa = PBXBuildFile; fileRef = 181592AF1CBB3EB30033299C /* btn_vs_visual.png */; };
		181592E61CBB3EB30033299C /* button_next.png in Resources */ = {isa = PBXBuildFile; fileRef = 181592B01CBB3EB30033299C /* button_next.png */; };
		181592E71CBB3EB30033299C /* cell_divider.png in Resources */ = {isa = PBXBuildFile; fileRef = 181592B11CBB3EB30033299C /* cell_divider.png */; };
		181592E81CBB3EB30033299C /* content-empty.png in Resources */ = {isa = PBXBuildFile; fileRef = 181592B21CBB3EB30033299C /* content-empty.png */; };
		181592E91CBB3EB30033299C /* default.jpg in Resources */ = {isa = PBXBuildFile; fileRef = 181592B31CBB3EB30033299C /* default.jpg */; };
		181592EA1CBB3EB30033299C /* default.png in Resources */ = {isa = PBXBuildFile; fileRef = 181592B41CBB3EB30033299C /* default.png */; };
		181592EB1CBB3EB30033299C /* defaultold.jpg in Resources */ = {isa = PBXBuildFile; fileRef = 181592B51CBB3EB30033299C /* defaultold.jpg */; };
		181592EC1CBB3EB30033299C /* effect_env_cave.jpg in Resources */ = {isa = PBXBuildFile; fileRef = 181592B61CBB3EB30033299C /* effect_env_cave.jpg */; };
		181592ED1CBB3EB30033299C /* effect_env_city.jpg in Resources */ = {isa = PBXBuildFile; fileRef = 181592B71CBB3EB30033299C /* effect_env_city.jpg */; };
		181592EE1CBB3EB30033299C /* effect_env_concert.jpg in Resources */ = {isa = PBXBuildFile; fileRef = 181592B81CBB3EB30033299C /* effect_env_concert.jpg */; };
		181592EF1CBB3EB30033299C /* effect_env_hall.jpg in Resources */ = {isa = PBXBuildFile; fileRef = 181592B91CBB3EB30033299C /* effect_env_hall.jpg */; };
		181592F01CBB3EB30033299C /* effect_env_none.jpg in Resources */ = {isa = PBXBuildFile; fileRef = 181592BA1CBB3EB30033299C /* effect_env_none.jpg */; };
		181592F11CBB3EB30033299C /* effect_env_parking_lot.jpg in Resources */ = {isa = PBXBuildFile; fileRef = 181592BB1CBB3EB30033299C /* effect_env_parking_lot.jpg */; };
		181592F21CBB3EB30033299C /* effect_env_parlor.jpg in Resources */ = {isa = PBXBuildFile; fileRef = 181592BC1CBB3EB30033299C /* effect_env_parlor.jpg */; };
		181592F31CBB3EB30033299C /* effect_env_roadway.jpg in Resources */ = {isa = PBXBuildFile; fileRef = 181592BD1CBB3EB30033299C /* effect_env_roadway.jpg */; };
		181592F41CBB3EB30033299C /* effect_env_stone_house.jpg in Resources */ = {isa = PBXBuildFile; fileRef = 181592BE1CBB3EB30033299C /* effect_env_stone_house.jpg */; };
		181592F51CBB3EB30033299C /* hot.jpg in Resources */ = {isa = PBXBuildFile; fileRef = 181592BF1CBB3EB30033299C /* hot.jpg */; };
		181592F61CBB3EB30033299C /* icon_icommentd@2x.png in Resources */ = {isa = PBXBuildFile; fileRef = 181592C01CBB3EB30033299C /* icon_icommentd@2x.png */; };
		181592F71CBB3EB30033299C /* icon_myfavourate@2x.png in Resources */ = {isa = PBXBuildFile; fileRef = 181592C11CBB3EB30033299C /* icon_myfavourate@2x.png */; };
		181592F81CBB3EB30033299C /* icon_myfriends@2x.png in Resources */ = {isa = PBXBuildFile; fileRef = 181592C21CBB3EB30033299C /* icon_myfriends@2x.png */; };
		181592F91CBB3EB30033299C /* icon_nightmode@2x.png in Resources */ = {isa = PBXBuildFile; fileRef = 181592C31CBB3EB30033299C /* icon_nightmode@2x.png */; };
		181592FA1CBB3EB30033299C /* icon_posted@2x.png in Resources */ = {isa = PBXBuildFile; fileRef = 181592C41CBB3EB30033299C /* icon_posted@2x.png */; };
		181592FB1CBB3EB30033299C /* icon_setting@2x.png in Resources */ = {isa = PBXBuildFile; fileRef = 181592C51CBB3EB30033299C /* icon_setting@2x.png */; };
		181592FD1CBB3EB30033299C /* line01.png in Resources */ = {isa = PBXBuildFile; fileRef = 181592C71CBB3EB30033299C /* line01.png */; };
		181592FE1CBB3EB30033299C /* line02.png in Resources */ = {isa = PBXBuildFile; fileRef = 181592C81CBB3EB30033299C /* line02.png */; };
		181592FF1CBB3EB30033299C /* line03.png in Resources */ = {isa = PBXBuildFile; fileRef = 181592C91CBB3EB30033299C /* line03.png */; };
		181593001CBB3EB30033299C /* line04.png in Resources */ = {isa = PBXBuildFile; fileRef = 181592CA1CBB3EB30033299C /* line04.png */; };
		181593011CBB3EB30033299C /* mine_header_bkg.png in Resources */ = {isa = PBXBuildFile; fileRef = 181592CB1CBB3EB30033299C /* mine_header_bkg.png */; };
		181593021CBB3EB30033299C /* musicType.plist in Resources */ = {isa = PBXBuildFile; fileRef = 181592CC1CBB3EB30033299C /* musicType.plist */; };
		181593031CBB3EB30033299C /* mv_cover_topbar_back.png in Resources */ = {isa = PBXBuildFile; fileRef = 181592CD1CBB3EB30033299C /* mv_cover_topbar_back.png */; };
		181593041CBB3EB30033299C /* network-disabled.png in Resources */ = {isa = PBXBuildFile; fileRef = 181592CE1CBB3EB30033299C /* network-disabled.png */; };
		181593051CBB3EB30033299C /* nowplaying_default_bkg@2x.png in Resources */ = {isa = PBXBuildFile; fileRef = 181592CF1CBB3EB30033299C /* nowplaying_default_bkg@2x.png */; };
		181593061CBB3EB30033299C /* online-back-cat.jpg in Resources */ = {isa = PBXBuildFile; fileRef = 181592D01CBB3EB30033299C /* online-back-cat.jpg */; };
		181593071CBB3EB30033299C /* online-back-fm.jpg in Resources */ = {isa = PBXBuildFile; fileRef = 181592D11CBB3EB30033299C /* online-back-fm.jpg */; };
		181593081CBB3EB30033299C /* online-back-mv.jpg in Resources */ = {isa = PBXBuildFile; fileRef = 181592D21CBB3EB30033299C /* online-back-mv.jpg */; };
		181593091CBB3EB30033299C /* online-back-new.jpg in Resources */ = {isa = PBXBuildFile; fileRef = 181592D31CBB3EB30033299C /* online-back-new.jpg */; };
		1815930A1CBB3EB30033299C /* online-back-popular.jpg in Resources */ = {isa = PBXBuildFile; fileRef = 181592D41CBB3EB30033299C /* online-back-popular.jpg */; };
		1815930B1CBB3EB30033299C /* online-back-rank.jpg in Resources */ = {isa = PBXBuildFile; fileRef = 181592D51CBB3EB30033299C /* online-back-rank.jpg */; };
		1815930C1CBB3EB30033299C /* online-back-singer.jpg in Resources */ = {isa = PBXBuildFile; fileRef = 181592D61CBB3EB30033299C /* online-back-singer.jpg */; };
		1815930D1CBB3EB30033299C /* online-back-ttfm.png in Resources */ = {isa = PBXBuildFile; fileRef = 181592D71CBB3EB30033299C /* online-back-ttfm.png */; };
		1815930E1CBB3EB30033299C /* playLine.png in Resources */ = {isa = PBXBuildFile; fileRef = 181592D81CBB3EB30033299C /* playLine.png */; };
		1815930F1CBB3EB30033299C /* playlist-pause.png in Resources */ = {isa = PBXBuildFile; fileRef = 181592D91CBB3EB30033299C /* playlist-pause.png */; };
		181593101CBB3EB30033299C /* playlist-resume.png in Resources */ = {isa = PBXBuildFile; fileRef = 181592DA1CBB3EB30033299C /* playlist-resume.png */; };
		181593111CBB3EB30033299C /* RecommendPosterDefaultImage.jpg in Resources */ = {isa = PBXBuildFile; fileRef = 181592DB1CBB3EB30033299C /* RecommendPosterDefaultImage.jpg */; };
		181593121CBB3EB30033299C /* song_list_item_inlove.png in Resources */ = {isa = PBXBuildFile; fileRef = 181592DC1CBB3EB30033299C /* song_list_item_inlove.png */; };
		181593131CBB3EB30033299C /* song_list_item_local_list.png in Resources */ = {isa = PBXBuildFile; fileRef = 181592DD1CBB3EB30033299C /* song_list_item_local_list.png */; };
		181593141CBB3EB30033299C /* song_list_item_pause.png in Resources */ = {isa = PBXBuildFile; fileRef = 181592DE1CBB3EB30033299C /* song_list_item_pause.png */; };
		181593151CBB3EB30033299C /* song_list_item_play.png in Resources */ = {isa = PBXBuildFile; fileRef = 181592DF1CBB3EB30033299C /* song_list_item_play.png */; };
		1815932E1CBB3ED70033299C /* 1.png in Resources */ = {isa = PBXBuildFile; fileRef = 181593161CBB3ED70033299C /* 1.png */; };
		1815932F1CBB3ED70033299C /* 2.png in Resources */ = {isa = PBXBuildFile; fileRef = 181593171CBB3ED70033299C /* 2.png */; };
		181593301CBB3ED70033299C /* 3.png in Resources */ = {isa = PBXBuildFile; fileRef = 181593181CBB3ED70033299C /* 3.png */; };
		181593311CBB3ED70033299C /* bottom.png in Resources */ = {isa = PBXBuildFile; fileRef = 181593191CBB3ED70033299C /* bottom.png */; };
		181593321CBB3ED70033299C /* download.png in Resources */ = {isa = PBXBuildFile; fileRef = 1815931A1CBB3ED70033299C /* download.png */; };
		181593331CBB3ED70033299C /* knob.png in Resources */ = {isa = PBXBuildFile; fileRef = 1815931B1CBB3ED70033299C /* knob.png */; };
		181593341CBB3ED70033299C /* line1.png in Resources */ = {isa = PBXBuildFile; fileRef = 1815931C1CBB3ED70033299C /* line1.png */; };
		181593351CBB3ED70033299C /* line2.png in Resources */ = {isa = PBXBuildFile; fileRef = 1815931D1CBB3ED70033299C /* line2.png */; };
		181593361CBB3ED70033299C /* line3.png in Resources */ = {isa = PBXBuildFile; fileRef = 1815931E1CBB3ED70033299C /* line3.png */; };
		181593371CBB3ED70033299C /* line4.png in Resources */ = {isa = PBXBuildFile; fileRef = 1815931F1CBB3ED70033299C /* line4.png */; };
		181593381CBB3ED70033299C /* list.png in Resources */ = {isa = PBXBuildFile; fileRef = 181593201CBB3ED70033299C /* list.png */; };
		181593391CBB3ED70033299C /* love.png in Resources */ = {isa = PBXBuildFile; fileRef = 181593211CBB3ED70033299C /* love.png */; };
		1815933A1CBB3ED70033299C /* love2.png in Resources */ = {isa = PBXBuildFile; fileRef = 181593221CBB3ED70033299C /* love2.png */; };
		1815933B1CBB3ED70033299C /* mv.png in Resources */ = {isa = PBXBuildFile; fileRef = 181593231CBB3ED70033299C /* mv.png */; };
		1815933C1CBB3ED70033299C /* next.png in Resources */ = {isa = PBXBuildFile; fileRef = 181593241CBB3ED70033299C /* next.png */; };
		1815933D1CBB3ED70033299C /* pause.png in Resources */ = {isa = PBXBuildFile; fileRef = 181593251CBB3ED70033299C /* pause.png */; };
		1815933E1CBB3ED70033299C /* play.png in Resources */ = {isa = PBXBuildFile; fileRef = 181593261CBB3ED70033299C /* play.png */; };
		1815933F1CBB3ED70033299C /* prev.png in Resources */ = {isa = PBXBuildFile; fileRef = 181593271CBB3ED70033299C /* prev.png */; };
		181593401CBB3ED70033299C /* repeat1.png in Resources */ = {isa = PBXBuildFile; fileRef = 181593281CBB3ED70033299C /* repeat1.png */; };
		181593411CBB3ED70033299C /* repeat2.png in Resources */ = {isa = PBXBuildFile; fileRef = 181593291CBB3ED70033299C /* repeat2.png */; };
		181593421CBB3ED70033299C /* repeat3.png in Resources */ = {isa = PBXBuildFile; fileRef = 1815932A1CBB3ED70033299C /* repeat3.png */; };
		181593431CBB3ED70033299C /* repeat4.png in Resources */ = {isa = PBXBuildFile; fileRef = 1815932B1CBB3ED70033299C /* repeat4.png */; };
		181593441CBB3ED70033299C /* share.png in Resources */ = {isa = PBXBuildFile; fileRef = 1815932C1CBB3ED70033299C /* share.png */; };
		181593451CBB3ED70033299C /* top.png in Resources */ = {isa = PBXBuildFile; fileRef = 1815932D1CBB3ED70033299C /* top.png */; };
		181593491CBB3FA30033299C /* MusicTypeCell.m in Sources */ = {isa = PBXBuildFile; fileRef = 181593481CBB3FA30033299C /* MusicTypeCell.m */; };
		8426163A1CB88BE30079C1CB /* main.m in Sources */ = {isa = PBXBuildFile; fileRef = 842616391CB88BE30079C1CB /* main.m */; };
		8426163D1CB88BE30079C1CB /* AppDelegate.m in Sources */ = {isa = PBXBuildFile; fileRef = 8426163C1CB88BE30079C1CB /* AppDelegate.m */; };
		842616431CB88BE30079C1CB /* Main.storyboard in Resources */ = {isa = PBXBuildFile; fileRef = 842616411CB88BE30079C1CB /* Main.storyboard */; };
		842616451CB88BE30079C1CB /* Assets.xcassets in Resources */ = {isa = PBXBuildFile; fileRef = 842616441CB88BE30079C1CB /* Assets.xcassets */; };
		842616481CB88BE30079C1CB /* LaunchScreen.storyboard in Resources */ = {isa = PBXBuildFile; fileRef = 842616461CB88BE30079C1CB /* LaunchScreen.storyboard */; };
		842616531CB88BE30079C1CB /* HWMusicTests.m in Sources */ = {isa = PBXBuildFile; fileRef = 842616521CB88BE30079C1CB /* HWMusicTests.m */; };
		8426165E1CB88BE30079C1CB /* HWMusicUITests.m in Sources */ = {isa = PBXBuildFile; fileRef = 8426165D1CB88BE30079C1CB /* HWMusicUITests.m */; };
		8426166D1CB88C0F0079C1CB /* HMainViewController.m in Sources */ = {isa = PBXBuildFile; fileRef = 8426166C1CB88C0F0079C1CB /* HMainViewController.m */; };
		846476931CB8D946006C2BB3 /* HTTPManager.m in Sources */ = {isa = PBXBuildFile; fileRef = 846476921CB8D946006C2BB3 /* HTTPManager.m */; };
		846476981CB8E5D4006C2BB3 /* Common.m in Sources */ = {isa = PBXBuildFile; fileRef = 846476971CB8E5D4006C2BB3 /* Common.m */; };
		8464769B1CB8E983006C2BB3 /* SwipeView.m in Sources */ = {isa = PBXBuildFile; fileRef = 8464769A1CB8E983006C2BB3 /* SwipeView.m */; };
		8464769F1CB8EB28006C2BB3 /* HNavigationController.m in Sources */ = {isa = PBXBuildFile; fileRef = 8464769E1CB8EB28006C2BB3 /* HNavigationController.m */; };
		846476A21CB8EC4D006C2BB3 /* nav_bg.png in Resources */ = {isa = PBXBuildFile; fileRef = 846476A11CB8EC4D006C2BB3 /* nav_bg.png */; };
		846476AB1CB8F6B1006C2BB3 /* HMusicTypeViewController.m in Sources */ = {isa = PBXBuildFile; fileRef = 846476AA1CB8F6B1006C2BB3 /* HMusicTypeViewController.m */; };
		846476AE1CB8F6C6006C2BB3 /* HMusicHotViewController.m in Sources */ = {isa = PBXBuildFile; fileRef = 846476AD1CB8F6C6006C2BB3 /* HMusicHotViewController.m */; };
		846476B11CB8F6F2006C2BB3 /* HMusicSearchViewController.m in Sources */ = {isa = PBXBuildFile; fileRef = 846476B01CB8F6F2006C2BB3 /* HMusicSearchViewController.m */; };
		846476B41CB8F700006C2BB3 /* HMineViewController.m in Sources */ = {isa = PBXBuildFile; fileRef = 846476B31CB8F700006C2BB3 /* HMineViewController.m */; };
		846476B71CB8F721006C2BB3 /* HMusicPlayerViewController.m in Sources */ = {isa = PBXBuildFile; fileRef = 846476B61CB8F721006C2BB3 /* HMusicPlayerViewController.m */; };
		84B67B601CB8AF2B0048BB57 /* HObject.m in Sources */ = {isa = PBXBuildFile; fileRef = 84B67B5F1CB8AF2B0048BB57 /* HObject.m */; };
		84B67B631CB8AFE90048BB57 /* HManger.m in Sources */ = {isa = PBXBuildFile; fileRef = 84B67B621CB8AFE90048BB57 /* HManger.m */; };
		BB4378B6B50FFDC37D573DBF /* libPods.a in Frameworks */ = {isa = PBXBuildFile; fileRef = 5E42DD6ACD692C6A49D8C383 /* libPods.a */; };
/* End PBXBuildFile section */

/* Begin PBXContainerItemProxy section */
		8426164F1CB88BE30079C1CB /* PBXContainerItemProxy */ = {
			isa = PBXContainerItemProxy;
			containerPortal = 8426162D1CB88BE20079C1CB /* Project object */;
			proxyType = 1;
			remoteGlobalIDString = 842616341CB88BE20079C1CB;
			remoteInfo = HWMusic;
		};
		8426165A1CB88BE30079C1CB /* PBXContainerItemProxy */ = {
			isa = PBXContainerItemProxy;
			containerPortal = 8426162D1CB88BE20079C1CB /* Project object */;
			proxyType = 1;
			remoteGlobalIDString = 842616341CB88BE20079C1CB;
			remoteInfo = HWMusic;
		};
/* End PBXContainerItemProxy section */

/* Begin PBXFileReference section */
		18075C791CBB547300BE5D14 /* MusicTypeModel.h */ = {isa = PBXFileReference; fileEncoding = 4; lastKnownFileType = sourcecode.c.h; path = MusicTypeModel.h; sourceTree = "<group>"; };
		18075C7A1CBB547300BE5D14 /* MusicTypeModel.m */ = {isa = PBXFileReference; fileEncoding = 4; lastKnownFileType = sourcecode.c.objc; path = MusicTypeModel.m; sourceTree = "<group>"; };
		18075C7C1CBB54B400BE5D14 /* ModelHeader.h */ = {isa = PBXFileReference; lastKnownFileType = sourcecode.c.h; path = ModelHeader.h; sourceTree = "<group>"; };
		181592AA1CBB3EB30033299C /* background.jpg */ = {isa = PBXFileReference; lastKnownFileType = image.jpeg; path = background.jpg; sourceTree = "<group>"; };
		181592AB1CBB3EB30033299C /* bkg_non_first_normal_theme1.png */ = {isa = PBXFileReference; lastKnownFileType = image.png; path = bkg_non_first_normal_theme1.png; sourceTree = "<group>"; };
		181592AC1CBB3EB30033299C /* btn_back_search.png */ = {isa = PBXFileReference; lastKnownFileType = image.png; path = btn_back_search.png; sourceTree = "<group>"; };
		181592AD1CBB3EB30033299C /* btn_back.png */ = {isa = PBXFileReference; lastKnownFileType = image.png; path = btn_back.png; sourceTree = "<group>"; };
		181592AE1CBB3EB30033299C /* btn_vc_back.png */ = {isa = PBXFileReference; lastKnownFileType = image.png; path = btn_vc_back.png; sourceTree = "<group>"; };
		181592AF1CBB3EB30033299C /* btn_vs_visual.png */ = {isa = PBXFileReference; lastKnownFileType = image.png; path = btn_vs_visual.png; sourceTree = "<group>"; };
		181592B01CBB3EB30033299C /* button_next.png */ = {isa = PBXFileReference; lastKnownFileType = image.png; path = button_next.png; sourceTree = "<group>"; };
		181592B11CBB3EB30033299C /* cell_divider.png */ = {isa = PBXFileReference; lastKnownFileType = image.png; path = cell_divider.png; sourceTree = "<group>"; };
		181592B21CBB3EB30033299C /* content-empty.png */ = {isa = PBXFileReference; lastKnownFileType = image.png; path = "content-empty.png"; sourceTree = "<group>"; };
		181592B31CBB3EB30033299C /* default.jpg */ = {isa = PBXFileReference; lastKnownFileType = image.jpeg; path = default.jpg; sourceTree = "<group>"; };
		181592B41CBB3EB30033299C /* default.png */ = {isa = PBXFileReference; lastKnownFileType = image.png; path = default.png; sourceTree = "<group>"; };
		181592B51CBB3EB30033299C /* defaultold.jpg */ = {isa = PBXFileReference; lastKnownFileType = image.jpeg; path = defaultold.jpg; sourceTree = "<group>"; };
		181592B61CBB3EB30033299C /* effect_env_cave.jpg */ = {isa = PBXFileReference; lastKnownFileType = image.jpeg; path = effect_env_cave.jpg; sourceTree = "<group>"; };
		181592B71CBB3EB30033299C /* effect_env_city.jpg */ = {isa = PBXFileReference; lastKnownFileType = image.jpeg; path = effect_env_city.jpg; sourceTree = "<group>"; };
		181592B81CBB3EB30033299C /* effect_env_concert.jpg */ = {isa = PBXFileReference; lastKnownFileType = image.jpeg; path = effect_env_concert.jpg; sourceTree = "<group>"; };
		181592B91CBB3EB30033299C /* effect_env_hall.jpg */ = {isa = PBXFileReference; lastKnownFileType = image.jpeg; path = effect_env_hall.jpg; sourceTree = "<group>"; };
		181592BA1CBB3EB30033299C /* effect_env_none.jpg */ = {isa = PBXFileReference; lastKnownFileType = image.jpeg; path = effect_env_none.jpg; sourceTree = "<group>"; };
		181592BB1CBB3EB30033299C /* effect_env_parking_lot.jpg */ = {isa = PBXFileReference; lastKnownFileType = image.jpeg; path = effect_env_parking_lot.jpg; sourceTree = "<group>"; };
		181592BC1CBB3EB30033299C /* effect_env_parlor.jpg */ = {isa = PBXFileReference; lastKnownFileType = image.jpeg; path = effect_env_parlor.jpg; sourceTree = "<group>"; };
		181592BD1CBB3EB30033299C /* effect_env_roadway.jpg */ = {isa = PBXFileReference; lastKnownFileType = image.jpeg; path = effect_env_roadway.jpg; sourceTree = "<group>"; };
		181592BE1CBB3EB30033299C /* effect_env_stone_house.jpg */ = {isa = PBXFileReference; lastKnownFileType = image.jpeg; path = effect_env_stone_house.jpg; sourceTree = "<group>"; };
		181592BF1CBB3EB30033299C /* hot.jpg */ = {isa = PBXFileReference; lastKnownFileType = image.jpeg; path = hot.jpg; sourceTree = "<group>"; };
		181592C01CBB3EB30033299C /* icon_icommentd@2x.png */ = {isa = PBXFileReference; lastKnownFileType = image.png; path = "icon_icommentd@2x.png"; sourceTree = "<group>"; };
		181592C11CBB3EB30033299C /* icon_myfavourate@2x.png */ = {isa = PBXFileReference; lastKnownFileType = image.png; path = "icon_myfavourate@2x.png"; sourceTree = "<group>"; };
		181592C21CBB3EB30033299C /* icon_myfriends@2x.png */ = {isa = PBXFileReference; lastKnownFileType = image.png; path = "icon_myfriends@2x.png"; sourceTree = "<group>"; };
		181592C31CBB3EB30033299C /* icon_nightmode@2x.png */ = {isa = PBXFileReference; lastKnownFileType = image.png; path = "icon_nightmode@2x.png"; sourceTree = "<group>"; };
		181592C41CBB3EB30033299C /* icon_posted@2x.png */ = {isa = PBXFileReference; lastKnownFileType = image.png; path = "icon_posted@2x.png"; sourceTree = "<group>"; };
		181592C51CBB3EB30033299C /* icon_setting@2x.png */ = {isa = PBXFileReference; lastKnownFileType = image.png; path = "icon_setting@2x.png"; sourceTree = "<group>"; };
		181592C71CBB3EB30033299C /* line01.png */ = {isa = PBXFileReference; lastKnownFileType = image.png; path = line01.png; sourceTree = "<group>"; };
		181592C81CBB3EB30033299C /* line02.png */ = {isa = PBXFileReference; lastKnownFileType = image.png; path = line02.png; sourceTree = "<group>"; };
		181592C91CBB3EB30033299C /* line03.png */ = {isa = PBXFileReference; lastKnownFileType = image.png; path = line03.png; sourceTree = "<group>"; };
		181592CA1CBB3EB30033299C /* line04.png */ = {isa = PBXFileReference; lastKnownFileType = image.png; path = line04.png; sourceTree = "<group>"; };
		181592CB1CBB3EB30033299C /* mine_header_bkg.png */ = {isa = PBXFileReference; lastKnownFileType = image.png; path = mine_header_bkg.png; sourceTree = "<group>"; };
		181592CC1CBB3EB30033299C /* musicType.plist */ = {isa = PBXFileReference; fileEncoding = 4; lastKnownFileType = text.plist.xml; path = musicType.plist; sourceTree = "<group>"; };
		181592CD1CBB3EB30033299C /* mv_cover_topbar_back.png */ = {isa = PBXFileReference; lastKnownFileType = image.png; path = mv_cover_topbar_back.png; sourceTree = "<group>"; };
		181592CE1CBB3EB30033299C /* network-disabled.png */ = {isa = PBXFileReference; lastKnownFileType = image.png; path = "network-disabled.png"; sourceTree = "<group>"; };
		181592CF1CBB3EB30033299C /* nowplaying_default_bkg@2x.png */ = {isa = PBXFileReference; lastKnownFileType = image.png; path = "nowplaying_default_bkg@2x.png"; sourceTree = "<group>"; };
		181592D01CBB3EB30033299C /* online-back-cat.jpg */ = {isa = PBXFileReference; lastKnownFileType = image.jpeg; path = "online-back-cat.jpg"; sourceTree = "<group>"; };
		181592D11CBB3EB30033299C /* online-back-fm.jpg */ = {isa = PBXFileReference; lastKnownFileType = image.jpeg; path = "online-back-fm.jpg"; sourceTree = "<group>"; };
		181592D21CBB3EB30033299C /* online-back-mv.jpg */ = {isa = PBXFileReference; lastKnownFileType = image.jpeg; path = "online-back-mv.jpg"; sourceTree = "<group>"; };
		181592D31CBB3EB30033299C /* online-back-new.jpg */ = {isa = PBXFileReference; lastKnownFileType = image.jpeg; path = "online-back-new.jpg"; sourceTree = "<group>"; };
		181592D41CBB3EB30033299C /* online-back-popular.jpg */ = {isa = PBXFileReference; lastKnownFileType = image.jpeg; path = "online-back-popular.jpg"; sourceTree = "<group>"; };
		181592D51CBB3EB30033299C /* online-back-rank.jpg */ = {isa = PBXFileReference; lastKnownFileType = image.jpeg; path = "online-back-rank.jpg"; sourceTree = "<group>"; };
		181592D61CBB3EB30033299C /* online-back-singer.jpg */ = {isa = PBXFileReference; lastKnownFileType = image.jpeg; path = "online-back-singer.jpg"; sourceTree = "<group>"; };
		181592D71CBB3EB30033299C /* online-back-ttfm.png */ = {isa = PBXFileReference; lastKnownFileType = image.png; path = "online-back-ttfm.png"; sourceTree = "<group>"; };
		181592D81CBB3EB30033299C /* playLine.png */ = {isa = PBXFileReference; lastKnownFileType = image.png; path = playLine.png; sourceTree = "<group>"; };
		181592D91CBB3EB30033299C /* playlist-pause.png */ = {isa = PBXFileReference; lastKnownFileType = image.png; path = "playlist-pause.png"; sourceTree = "<group>"; };
		181592DA1CBB3EB30033299C /* playlist-resume.png */ = {isa = PBXFileReference; lastKnownFileType = image.png; path = "playlist-resume.png"; sourceTree = "<group>"; };
		181592DB1CBB3EB30033299C /* RecommendPosterDefaultImage.jpg */ = {isa = PBXFileReference; lastKnownFileType = image.jpeg; path = RecommendPosterDefaultImage.jpg; sourceTree = "<group>"; };
		181592DC1CBB3EB30033299C /* song_list_item_inlove.png */ = {isa = PBXFileReference; lastKnownFileType = image.png; path = song_list_item_inlove.png; sourceTree = "<group>"; };
		181592DD1CBB3EB30033299C /* song_list_item_local_list.png */ = {isa = PBXFileReference; lastKnownFileType = image.png; path = song_list_item_local_list.png; sourceTree = "<group>"; };
		181592DE1CBB3EB30033299C /* song_list_item_pause.png */ = {isa = PBXFileReference; lastKnownFileType = image.png; path = song_list_item_pause.png; sourceTree = "<group>"; };
		181592DF1CBB3EB30033299C /* song_list_item_play.png */ = {isa = PBXFileReference; lastKnownFileType = image.png; path = song_list_item_play.png; sourceTree = "<group>"; };
		181593161CBB3ED70033299C /* 1.png */ = {isa = PBXFileReference; lastKnownFileType = image.png; path = 1.png; sourceTree = "<group>"; };
		181593171CBB3ED70033299C /* 2.png */ = {isa = PBXFileReference; lastKnownFileType = image.png; path = 2.png; sourceTree = "<group>"; };
		181593181CBB3ED70033299C /* 3.png */ = {isa = PBXFileReference; lastKnownFileType = image.png; path = 3.png; sourceTree = "<group>"; };
		181593191CBB3ED70033299C /* bottom.png */ = {isa = PBXFileReference; lastKnownFileType = image.png; path = bottom.png; sourceTree = "<group>"; };
		1815931A1CBB3ED70033299C /* download.png */ = {isa = PBXFileReference; lastKnownFileType = image.png; path = download.png; sourceTree = "<group>"; };
		1815931B1CBB3ED70033299C /* knob.png */ = {isa = PBXFileReference; lastKnownFileType = image.png; path = knob.png; sourceTree = "<group>"; };
		1815931C1CBB3ED70033299C /* line1.png */ = {isa = PBXFileReference; lastKnownFileType = image.png; path = line1.png; sourceTree = "<group>"; };
		1815931D1CBB3ED70033299C /* line2.png */ = {isa = PBXFileReference; lastKnownFileType = image.png; path = line2.png; sourceTree = "<group>"; };
		1815931E1CBB3ED70033299C /* line3.png */ = {isa = PBXFileReference; lastKnownFileType = image.png; path = line3.png; sourceTree = "<group>"; };
		1815931F1CBB3ED70033299C /* line4.png */ = {isa = PBXFileReference; lastKnownFileType = image.png; path = line4.png; sourceTree = "<group>"; };
		181593201CBB3ED70033299C /* list.png */ = {isa = PBXFileReference; lastKnownFileType = image.png; path = list.png; sourceTree = "<group>"; };
		181593211CBB3ED70033299C /* love.png */ = {isa = PBXFileReference; lastKnownFileType = image.png; path = love.png; sourceTree = "<group>"; };
		181593221CBB3ED70033299C /* love2.png */ = {isa = PBXFileReference; lastKnownFileType = image.png; path = love2.png; sourceTree = "<group>"; };
		181593231CBB3ED70033299C /* mv.png */ = {isa = PBXFileReference; lastKnownFileType = image.png; path = mv.png; sourceTree = "<group>"; };
		181593241CBB3ED70033299C /* next.png */ = {isa = PBXFileReference; lastKnownFileType = image.png; path = next.png; sourceTree = "<group>"; };
		181593251CBB3ED70033299C /* pause.png */ = {isa = PBXFileReference; lastKnownFileType = image.png; path = pause.png; sourceTree = "<group>"; };
		181593261CBB3ED70033299C /* play.png */ = {isa = PBXFileReference; lastKnownFileType = image.png; path = play.png; sourceTree = "<group>"; };
		181593271CBB3ED70033299C /* prev.png */ = {isa = PBXFileReference; lastKnownFileType = image.png; path = prev.png; sourceTree = "<group>"; };
		181593281CBB3ED70033299C /* repeat1.png */ = {isa = PBXFileReference; lastKnownFileType = image.png; path = repeat1.png; sourceTree = "<group>"; };
		181593291CBB3ED70033299C /* repeat2.png */ = {isa = PBXFileReference; lastKnownFileType = image.png; path = repeat2.png; sourceTree = "<group>"; };
		1815932A1CBB3ED70033299C /* repeat3.png */ = {isa = PBXFileReference; lastKnownFileType = image.png; path = repeat3.png; sourceTree = "<group>"; };
		1815932B1CBB3ED70033299C /* repeat4.png */ = {isa = PBXFileReference; lastKnownFileType = image.png; path = repeat4.png; sourceTree = "<group>"; };
		1815932C1CBB3ED70033299C /* share.png */ = {isa = PBXFileReference; lastKnownFileType = image.png; path = share.png; sourceTree = "<group>"; };
		1815932D1CBB3ED70033299C /* top.png */ = {isa = PBXFileReference; lastKnownFileType = image.png; path = top.png; sourceTree = "<group>"; };
		181593471CBB3FA30033299C /* MusicTypeCell.h */ = {isa = PBXFileReference; fileEncoding = 4; lastKnownFileType = sourcecode.c.h; path = MusicTypeCell.h; sourceTree = "<group>"; };
		181593481CBB3FA30033299C /* MusicTypeCell.m */ = {isa = PBXFileReference; fileEncoding = 4; lastKnownFileType = sourcecode.c.objc; path = MusicTypeCell.m; sourceTree = "<group>"; };
		5E42DD6ACD692C6A49D8C383 /* libPods.a */ = {isa = PBXFileReference; explicitFileType = archive.ar; includeInIndex = 0; path = libPods.a; sourceTree = BUILT_PRODUCTS_DIR; };
		842616351CB88BE20079C1CB /* HWMusic.app */ = {isa = PBXFileReference; explicitFileType = wrapper.application; includeInIndex = 0; path = HWMusic.app; sourceTree = BUILT_PRODUCTS_DIR; };
		842616391CB88BE30079C1CB /* main.m */ = {isa = PBXFileReference; lastKnownFileType = sourcecode.c.objc; path = main.m; sourceTree = "<group>"; };
		8426163B1CB88BE30079C1CB /* AppDelegate.h */ = {isa = PBXFileReference; lastKnownFileType = sourcecode.c.h; path = AppDelegate.h; sourceTree = "<group>"; };
		8426163C1CB88BE30079C1CB /* AppDelegate.m */ = {isa = PBXFileReference; lastKnownFileType = sourcecode.c.objc; path = AppDelegate.m; sourceTree = "<group>"; };
		842616421CB88BE30079C1CB /* Base */ = {isa = PBXFileReference; lastKnownFileType = file.storyboard; name = Base; path = Base.lproj/Main.storyboard; sourceTree = "<group>"; };
		842616441CB88BE30079C1CB /* Assets.xcassets */ = {isa = PBXFileReference; lastKnownFileType = folder.assetcatalog; path = Assets.xcassets; sourceTree = "<group>"; };
		842616471CB88BE30079C1CB /* Base */ = {isa = PBXFileReference; lastKnownFileType = file.storyboard; name = Base; path = Base.lproj/LaunchScreen.storyboard; sourceTree = "<group>"; };
		842616491CB88BE30079C1CB /* Info.plist */ = {isa = PBXFileReference; lastKnownFileType = text.plist.xml; path = Info.plist; sourceTree = "<group>"; };
		8426164E1CB88BE30079C1CB /* HWMusicTests.xctest */ = {isa = PBXFileReference; explicitFileType = wrapper.cfbundle; includeInIndex = 0; path = HWMusicTests.xctest; sourceTree = BUILT_PRODUCTS_DIR; };
		842616521CB88BE30079C1CB /* HWMusicTests.m */ = {isa = PBXFileReference; lastKnownFileType = sourcecode.c.objc; path = HWMusicTests.m; sourceTree = "<group>"; };
		842616541CB88BE30079C1CB /* Info.plist */ = {isa = PBXFileReference; lastKnownFileType = text.plist.xml; path = Info.plist; sourceTree = "<group>"; };
		842616591CB88BE30079C1CB /* HWMusicUITests.xctest */ = {isa = PBXFileReference; explicitFileType = wrapper.cfbundle; includeInIndex = 0; path = HWMusicUITests.xctest; sourceTree = BUILT_PRODUCTS_DIR; };
		8426165D1CB88BE30079C1CB /* HWMusicUITests.m */ = {isa = PBXFileReference; lastKnownFileType = sourcecode.c.objc; path = HWMusicUITests.m; sourceTree = "<group>"; };
		8426165F1CB88BE30079C1CB /* Info.plist */ = {isa = PBXFileReference; lastKnownFileType = text.plist.xml; path = Info.plist; sourceTree = "<group>"; };
		8426166B1CB88C0F0079C1CB /* HMainViewController.h */ = {isa = PBXFileReference; fileEncoding = 4; lastKnownFileType = sourcecode.c.h; path = HMainViewController.h; sourceTree = "<group>"; };
		8426166C1CB88C0F0079C1CB /* HMainViewController.m */ = {isa = PBXFileReference; fileEncoding = 4; lastKnownFileType = sourcecode.c.objc; path = HMainViewController.m; sourceTree = "<group>"; };
		846476901CB8D926006C2BB3 /* HTTPConstant.h */ = {isa = PBXFileReference; lastKnownFileType = sourcecode.c.h; path = HTTPConstant.h; sourceTree = "<group>"; };
		846476911CB8D946006C2BB3 /* HTTPManager.h */ = {isa = PBXFileReference; fileEncoding = 4; lastKnownFileType = sourcecode.c.h; path = HTTPManager.h; sourceTree = "<group>"; };
		846476921CB8D946006C2BB3 /* HTTPManager.m */ = {isa = PBXFileReference; fileEncoding = 4; lastKnownFileType = sourcecode.c.objc; path = HTTPManager.m; sourceTree = "<group>"; };
		846476961CB8E5D4006C2BB3 /* Common.h */ = {isa = PBXFileReference; fileEncoding = 4; lastKnownFileType = sourcecode.c.h; path = Common.h; sourceTree = "<group>"; };
		846476971CB8E5D4006C2BB3 /* Common.m */ = {isa = PBXFileReference; fileEncoding = 4; lastKnownFileType = sourcecode.c.objc; path = Common.m; sourceTree = "<group>"; };
		846476991CB8E983006C2BB3 /* SwipeView.h */ = {isa = PBXFileReference; fileEncoding = 4; lastKnownFileType = sourcecode.c.h; path = SwipeView.h; sourceTree = "<group>"; };
		8464769A1CB8E983006C2BB3 /* SwipeView.m */ = {isa = PBXFileReference; fileEncoding = 4; lastKnownFileType = sourcecode.c.objc; path = SwipeView.m; sourceTree = "<group>"; };
		8464769D1CB8EB28006C2BB3 /* HNavigationController.h */ = {isa = PBXFileReference; fileEncoding = 4; lastKnownFileType = sourcecode.c.h; path = HNavigationController.h; sourceTree = "<group>"; };
		8464769E1CB8EB28006C2BB3 /* HNavigationController.m */ = {isa = PBXFileReference; fileEncoding = 4; lastKnownFileType = sourcecode.c.objc; path = HNavigationController.m; sourceTree = "<group>"; };
		846476A11CB8EC4D006C2BB3 /* nav_bg.png */ = {isa = PBXFileReference; lastKnownFileType = image.png; path = nav_bg.png; sourceTree = "<group>"; };
		846476A91CB8F6B1006C2BB3 /* HMusicTypeViewController.h */ = {isa = PBXFileReference; fileEncoding = 4; lastKnownFileType = sourcecode.c.h; path = HMusicTypeViewController.h; sourceTree = "<group>"; };
		846476AA1CB8F6B1006C2BB3 /* HMusicTypeViewController.m */ = {isa = PBXFileReference; fileEncoding = 4; lastKnownFileType = sourcecode.c.objc; path = HMusicTypeViewController.m; sourceTree = "<group>"; };
		846476AC1CB8F6C6006C2BB3 /* HMusicHotViewController.h */ = {isa = PBXFileReference; fileEncoding = 4; lastKnownFileType = sourcecode.c.h; path = HMusicHotViewController.h; sourceTree = "<group>"; };
		846476AD1CB8F6C6006C2BB3 /* HMusicHotViewController.m */ = {isa = PBXFileReference; fileEncoding = 4; lastKnownFileType = sourcecode.c.objc; path = HMusicHotViewController.m; sourceTree = "<group>"; };
		846476AF1CB8F6F2006C2BB3 /* HMusicSearchViewController.h */ = {isa = PBXFileReference; fileEncoding = 4; lastKnownFileType = sourcecode.c.h; path = HMusicSearchViewController.h; sourceTree = "<group>"; };
		846476B01CB8F6F2006C2BB3 /* HMusicSearchViewController.m */ = {isa = PBXFileReference; fileEncoding = 4; lastKnownFileType = sourcecode.c.objc; path = HMusicSearchViewController.m; sourceTree = "<group>"; };
		846476B21CB8F700006C2BB3 /* HMineViewController.h */ = {isa = PBXFileReference; fileEncoding = 4; lastKnownFileType = sourcecode.c.h; path = HMineViewController.h; sourceTree = "<group>"; };
		846476B31CB8F700006C2BB3 /* HMineViewController.m */ = {isa = PBXFileReference; fileEncoding = 4; lastKnownFileType = sourcecode.c.objc; path = HMineViewController.m; sourceTree = "<group>"; };
		846476B51CB8F721006C2BB3 /* HMusicPlayerViewController.h */ = {isa = PBXFileReference; fileEncoding = 4; lastKnownFileType = sourcecode.c.h; path = HMusicPlayerViewController.h; sourceTree = "<group>"; };
		846476B61CB8F721006C2BB3 /* HMusicPlayerViewController.m */ = {isa = PBXFileReference; fileEncoding = 4; lastKnownFileType = sourcecode.c.objc; path = HMusicPlayerViewController.m; sourceTree = "<group>"; };
		846476B81CB8F736006C2BB3 /* VCHeader.h */ = {isa = PBXFileReference; lastKnownFileType = sourcecode.c.h; path = VCHeader.h; sourceTree = "<group>"; };
		84B67B5E1CB8AF2B0048BB57 /* HObject.h */ = {isa = PBXFileReference; fileEncoding = 4; lastKnownFileType = sourcecode.c.h; path = HObject.h; sourceTree = "<group>"; };
		84B67B5F1CB8AF2B0048BB57 /* HObject.m */ = {isa = PBXFileReference; fileEncoding = 4; lastKnownFileType = sourcecode.c.objc; path = HObject.m; sourceTree = "<group>"; };
		84B67B611CB8AFE90048BB57 /* HManger.h */ = {isa = PBXFileReference; fileEncoding = 4; lastKnownFileType = sourcecode.c.h; path = HManger.h; sourceTree = "<group>"; };
		84B67B621CB8AFE90048BB57 /* HManger.m */ = {isa = PBXFileReference; fileEncoding = 4; lastKnownFileType = sourcecode.c.objc; path = HManger.m; sourceTree = "<group>"; };
		84B67B641CB8B1330048BB57 /* PrefixHeader.pch */ = {isa = PBXFileReference; lastKnownFileType = sourcecode.c.h; path = PrefixHeader.pch; sourceTree = "<group>"; };
		8A3A6FEB4F007F505FF3D75B /* Pods.release.xcconfig */ = {isa = PBXFileReference; includeInIndex = 1; lastKnownFileType = text.xcconfig; name = Pods.release.xcconfig; path = "Pods/Target Support Files/Pods/Pods.release.xcconfig"; sourceTree = "<group>"; };
		9A538AC9FF4F8FCEF01DE786 /* Pods.debug.xcconfig */ = {isa = PBXFileReference; includeInIndex = 1; lastKnownFileType = text.xcconfig; name = Pods.debug.xcconfig; path = "Pods/Target Support Files/Pods/Pods.debug.xcconfig"; sourceTree = "<group>"; };
/* End PBXFileReference section */

/* Begin PBXFrameworksBuildPhase section */
		842616321CB88BE20079C1CB /* Frameworks */ = {
			isa = PBXFrameworksBuildPhase;
			buildActionMask = 2147483647;
			files = (
				BB4378B6B50FFDC37D573DBF /* libPods.a in Frameworks */,
			);
			runOnlyForDeploymentPostprocessing = 0;
		};
		8426164B1CB88BE30079C1CB /* Frameworks */ = {
			isa = PBXFrameworksBuildPhase;
			buildActionMask = 2147483647;
			files = (
			);
			runOnlyForDeploymentPostprocessing = 0;
		};
		842616561CB88BE30079C1CB /* Frameworks */ = {
			isa = PBXFrameworksBuildPhase;
			buildActionMask = 2147483647;
			files = (
			);
			runOnlyForDeploymentPostprocessing = 0;
		};
/* End PBXFrameworksBuildPhase section */

/* Begin PBXGroup section */
		181593461CBB3F2F0033299C /* Cell */ = {
			isa = PBXGroup;
			children = (
				181593471CBB3FA30033299C /* MusicTypeCell.h */,
				181593481CBB3FA30033299C /* MusicTypeCell.m */,
			);
			name = Cell;
			sourceTree = "<group>";
		};
		1B138073F6F99918D5354BAC /* Pods */ = {
			isa = PBXGroup;
			children = (
				9A538AC9FF4F8FCEF01DE786 /* Pods.debug.xcconfig */,
				8A3A6FEB4F007F505FF3D75B /* Pods.release.xcconfig */,
			);
			name = Pods;
			sourceTree = "<group>";
		};
		8426162C1CB88BE20079C1CB = {
			isa = PBXGroup;
			children = (
				842616371CB88BE20079C1CB /* HWMusic */,
				842616511CB88BE30079C1CB /* HWMusicTests */,
				8426165C1CB88BE30079C1CB /* HWMusicUITests */,
				842616361CB88BE20079C1CB /* Products */,
				1B138073F6F99918D5354BAC /* Pods */,
				EADBB59264F4435D8364EFE4 /* Frameworks */,
			);
			sourceTree = "<group>";
		};
		842616361CB88BE20079C1CB /* Products */ = {
			isa = PBXGroup;
			children = (
				842616351CB88BE20079C1CB /* HWMusic.app */,
				8426164E1CB88BE30079C1CB /* HWMusicTests.xctest */,
				842616591CB88BE30079C1CB /* HWMusicUITests.xctest */,
			);
			name = Products;
			sourceTree = "<group>";
		};
		842616371CB88BE20079C1CB /* HWMusic */ = {
			isa = PBXGroup;
			children = (
				846476A01CB8EC3E006C2BB3 /* Resoure */,
				846476951CB8E5AF006C2BB3 /* Vendors */,
				84B67B5D1CB8A89F0048BB57 /* ViewModel */,
				84B67B5C1CB8A8970048BB57 /* View */,
				84B67B5B1CB8A8870048BB57 /* Model */,
				84B67B5A1CB8A8730048BB57 /* AppDelegate */,
				842616411CB88BE30079C1CB /* Main.storyboard */,
				842616441CB88BE30079C1CB /* Assets.xcassets */,
				842616461CB88BE30079C1CB /* LaunchScreen.storyboard */,
				842616491CB88BE30079C1CB /* Info.plist */,
				842616381CB88BE30079C1CB /* Supporting Files */,
			);
			path = HWMusic;
			sourceTree = "<group>";
		};
		842616381CB88BE30079C1CB /* Supporting Files */ = {
			isa = PBXGroup;
			children = (
				842616391CB88BE30079C1CB /* main.m */,
				84B67B641CB8B1330048BB57 /* PrefixHeader.pch */,
			);
			name = "Supporting Files";
			sourceTree = "<group>";
		};
		842616511CB88BE30079C1CB /* HWMusicTests */ = {
			isa = PBXGroup;
			children = (
				842616521CB88BE30079C1CB /* HWMusicTests.m */,
				842616541CB88BE30079C1CB /* Info.plist */,
			);
			path = HWMusicTests;
			sourceTree = "<group>";
		};
		8426165C1CB88BE30079C1CB /* HWMusicUITests */ = {
			isa = PBXGroup;
			children = (
				8426165D1CB88BE30079C1CB /* HWMusicUITests.m */,
				8426165F1CB88BE30079C1CB /* Info.plist */,
			);
			path = HWMusicUITests;
			sourceTree = "<group>";
		};
		846476941CB8E4E1006C2BB3 /* ViewController */ = {
			isa = PBXGroup;
			children = (
				846476B81CB8F736006C2BB3 /* VCHeader.h */,
				846476A31CB8F610006C2BB3 /* Main */,
				846476A41CB8F61C006C2BB3 /* MusicType */,
				846476A51CB8F629006C2BB3 /* MusicHot */,
				846476A61CB8F635006C2BB3 /* MusicSearch */,
				846476A71CB8F642006C2BB3 /* Mine */,
				846476A81CB8F64B006C2BB3 /* MusicPlayer */,
			);
			name = ViewController;
			sourceTree = "<group>";
		};
		846476951CB8E5AF006C2BB3 /* Vendors */ = {
			isa = PBXGroup;
			children = (
				846476991CB8E983006C2BB3 /* SwipeView.h */,
				8464769A1CB8E983006C2BB3 /* SwipeView.m */,
				846476961CB8E5D4006C2BB3 /* Common.h */,
				846476971CB8E5D4006C2BB3 /* Common.m */,
			);
			name = Vendors;
			sourceTree = "<group>";
		};
		8464769C1CB8EB01006C2BB3 /* Base */ = {
			isa = PBXGroup;
			children = (
				8464769D1CB8EB28006C2BB3 /* HNavigationController.h */,
				8464769E1CB8EB28006C2BB3 /* HNavigationController.m */,
			);
			name = Base;
			sourceTree = "<group>";
		};
		846476A01CB8EC3E006C2BB3 /* Resoure */ = {
			isa = PBXGroup;
			children = (
				181593161CBB3ED70033299C /* 1.png */,
				181593171CBB3ED70033299C /* 2.png */,
				181593181CBB3ED70033299C /* 3.png */,
				181593191CBB3ED70033299C /* bottom.png */,
				1815931A1CBB3ED70033299C /* download.png */,
				1815931B1CBB3ED70033299C /* knob.png */,
				1815931C1CBB3ED70033299C /* line1.png */,
				1815931D1CBB3ED70033299C /* line2.png */,
				1815931E1CBB3ED70033299C /* line3.png */,
				1815931F1CBB3ED70033299C /* line4.png */,
				181593201CBB3ED70033299C /* list.png */,
				181593211CBB3ED70033299C /* love.png */,
				181593221CBB3ED70033299C /* love2.png */,
				181593231CBB3ED70033299C /* mv.png */,
				181593241CBB3ED70033299C /* next.png */,
				181593251CBB3ED70033299C /* pause.png */,
				181593261CBB3ED70033299C /* play.png */,
				181593271CBB3ED70033299C /* prev.png */,
				181593281CBB3ED70033299C /* repeat1.png */,
				181593291CBB3ED70033299C /* repeat2.png */,
				1815932A1CBB3ED70033299C /* repeat3.png */,
				1815932B1CBB3ED70033299C /* repeat4.png */,
				1815932C1CBB3ED70033299C /* share.png */,
				1815932D1CBB3ED70033299C /* top.png */,
				181592AA1CBB3EB30033299C /* background.jpg */,
				181592AB1CBB3EB30033299C /* bkg_non_first_normal_theme1.png */,
				181592AC1CBB3EB30033299C /* btn_back_search.png */,
				181592AD1CBB3EB30033299C /* btn_back.png */,
				181592AE1CBB3EB30033299C /* btn_vc_back.png */,
				181592AF1CBB3EB30033299C /* btn_vs_visual.png */,
				181592B01CBB3EB30033299C /* button_next.png */,
				181592B11CBB3EB30033299C /* cell_divider.png */,
				181592B21CBB3EB30033299C /* content-empty.png */,
				181592B31CBB3EB30033299C /* default.jpg */,
				181592B41CBB3EB30033299C /* default.png */,
				181592B51CBB3EB30033299C /* defaultold.jpg */,
				181592B61CBB3EB30033299C /* effect_env_cave.jpg */,
				181592B71CBB3EB30033299C /* effect_env_city.jpg */,
				181592B81CBB3EB30033299C /* effect_env_concert.jpg */,
				181592B91CBB3EB30033299C /* effect_env_hall.jpg */,
				181592BA1CBB3EB30033299C /* effect_env_none.jpg */,
				181592BB1CBB3EB30033299C /* effect_env_parking_lot.jpg */,
				181592BC1CBB3EB30033299C /* effect_env_parlor.jpg */,
				181592BD1CBB3EB30033299C /* effect_env_roadway.jpg */,
				181592BE1CBB3EB30033299C /* effect_env_stone_house.jpg */,
				181592BF1CBB3EB30033299C /* hot.jpg */,
				181592C01CBB3EB30033299C /* icon_icommentd@2x.png */,
				181592C11CBB3EB30033299C /* icon_myfavourate@2x.png */,
				181592C21CBB3EB30033299C /* icon_myfriends@2x.png */,
				181592C31CBB3EB30033299C /* icon_nightmode@2x.png */,
				181592C41CBB3EB30033299C /* icon_posted@2x.png */,
				181592C51CBB3EB30033299C /* icon_setting@2x.png */,
				181592C71CBB3EB30033299C /* line01.png */,
				181592C81CBB3EB30033299C /* line02.png */,
				181592C91CBB3EB30033299C /* line03.png */,
				181592CA1CBB3EB30033299C /* line04.png */,
				181592CB1CBB3EB30033299C /* mine_header_bkg.png */,
				181592CD1CBB3EB30033299C /* mv_cover_topbar_back.png */,
				181592CE1CBB3EB30033299C /* network-disabled.png */,
				181592CF1CBB3EB30033299C /* nowplaying_default_bkg@2x.png */,
				181592D01CBB3EB30033299C /* online-back-cat.jpg */,
				181592D11CBB3EB30033299C /* online-back-fm.jpg */,
				181592D21CBB3EB30033299C /* online-back-mv.jpg */,
				181592D31CBB3EB30033299C /* online-back-new.jpg */,
				181592D41CBB3EB30033299C /* online-back-popular.jpg */,
				181592D51CBB3EB30033299C /* online-back-rank.jpg */,
				181592D61CBB3EB30033299C /* online-back-singer.jpg */,
				181592D71CBB3EB30033299C /* online-back-ttfm.png */,
				181592D81CBB3EB30033299C /* playLine.png */,
				181592D91CBB3EB30033299C /* playlist-pause.png */,
				181592DA1CBB3EB30033299C /* playlist-resume.png */,
				181592DB1CBB3EB30033299C /* RecommendPosterDefaultImage.jpg */,
				181592DC1CBB3EB30033299C /* song_list_item_inlove.png */,
				181592DD1CBB3EB30033299C /* song_list_item_local_list.png */,
				181592DE1CBB3EB30033299C /* song_list_item_pause.png */,
				181592DF1CBB3EB30033299C /* song_list_item_play.png */,
				846476A11CB8EC4D006C2BB3 /* nav_bg.png */,
				181592CC1CBB3EB30033299C /* musicType.plist */,
			);
			name = Resoure;
			sourceTree = "<group>";
		};
		846476A31CB8F610006C2BB3 /* Main */ = {
			isa = PBXGroup;
			children = (
				8426166B1CB88C0F0079C1CB /* HMainViewController.h */,
				8426166C1CB88C0F0079C1CB /* HMainViewController.m */,
			);
			name = Main;
			sourceTree = "<group>";
		};
		846476A41CB8F61C006C2BB3 /* MusicType */ = {
			isa = PBXGroup;
			children = (
				181593461CBB3F2F0033299C /* Cell */,
				846476A91CB8F6B1006C2BB3 /* HMusicTypeViewController.h */,
				846476AA1CB8F6B1006C2BB3 /* HMusicTypeViewController.m */,
			);
			name = MusicType;
			sourceTree = "<group>";
		};
		846476A51CB8F629006C2BB3 /* MusicHot */ = {
			isa = PBXGroup;
			children = (
				846476AC1CB8F6C6006C2BB3 /* HMusicHotViewController.h */,
				846476AD1CB8F6C6006C2BB3 /* HMusicHotViewController.m */,
			);
			name = MusicHot;
			sourceTree = "<group>";
		};
		846476A61CB8F635006C2BB3 /* MusicSearch */ = {
			isa = PBXGroup;
			children = (
				846476AF1CB8F6F2006C2BB3 /* HMusicSearchViewController.h */,
				846476B01CB8F6F2006C2BB3 /* HMusicSearchViewController.m */,
			);
			name = MusicSearch;
			sourceTree = "<group>";
		};
		846476A71CB8F642006C2BB3 /* Mine */ = {
			isa = PBXGroup;
			children = (
				846476B21CB8F700006C2BB3 /* HMineViewController.h */,
				846476B31CB8F700006C2BB3 /* HMineViewController.m */,
			);
			name = Mine;
			sourceTree = "<group>";
		};
		846476A81CB8F64B006C2BB3 /* MusicPlayer */ = {
			isa = PBXGroup;
			children = (
				846476B51CB8F721006C2BB3 /* HMusicPlayerViewController.h */,
				846476B61CB8F721006C2BB3 /* HMusicPlayerViewController.m */,
			);
			name = MusicPlayer;
			sourceTree = "<group>";
		};
		84B67B5A1CB8A8730048BB57 /* AppDelegate */ = {
			isa = PBXGroup;
			children = (
				8426163B1CB88BE30079C1CB /* AppDelegate.h */,
				8426163C1CB88BE30079C1CB /* AppDelegate.m */,
			);
			name = AppDelegate;
			sourceTree = "<group>";
		};
		84B67B5B1CB8A8870048BB57 /* Model */ = {
			isa = PBXGroup;
			children = (
				84B67B5E1CB8AF2B0048BB57 /* HObject.h */,
				84B67B5F1CB8AF2B0048BB57 /* HObject.m */,
				18075C791CBB547300BE5D14 /* MusicTypeModel.h */,
				18075C7A1CBB547300BE5D14 /* MusicTypeModel.m */,
				18075C7C1CBB54B400BE5D14 /* ModelHeader.h */,
			);
			name = Model;
			sourceTree = "<group>";
		};
		84B67B5C1CB8A8970048BB57 /* View */ = {
			isa = PBXGroup;
			children = (
				8464769C1CB8EB01006C2BB3 /* Base */,
				846476941CB8E4E1006C2BB3 /* ViewController */,
			);
			name = View;
			sourceTree = "<group>";
		};
		84B67B5D1CB8A89F0048BB57 /* ViewModel */ = {
			isa = PBXGroup;
			children = (
				84B67B611CB8AFE90048BB57 /* HManger.h */,
				84B67B621CB8AFE90048BB57 /* HManger.m */,
				846476901CB8D926006C2BB3 /* HTTPConstant.h */,
				846476911CB8D946006C2BB3 /* HTTPManager.h */,
				846476921CB8D946006C2BB3 /* HTTPManager.m */,
			);
			name = ViewModel;
			sourceTree = "<group>";
		};
		EADBB59264F4435D8364EFE4 /* Frameworks */ = {
			isa = PBXGroup;
			children = (
				5E42DD6ACD692C6A49D8C383 /* libPods.a */,
			);
			name = Frameworks;
			sourceTree = "<group>";
		};
/* End PBXGroup section */

/* Begin PBXNativeTarget section */
		842616341CB88BE20079C1CB /* HWMusic */ = {
			isa = PBXNativeTarget;
			buildConfigurationList = 842616621CB88BE30079C1CB /* Build configuration list for PBXNativeTarget "HWMusic" */;
			buildPhases = (
				80ECD0E545D20A1B621C55C6 /* Check Pods Manifest.lock */,
				842616311CB88BE20079C1CB /* Sources */,
				842616321CB88BE20079C1CB /* Frameworks */,
				842616331CB88BE20079C1CB /* Resources */,
				24B7AFFD54855E10EFB3E28E /* Embed Pods Frameworks */,
				AB2B3D575DA91D9CB7CA8D7D /* Copy Pods Resources */,
			);
			buildRules = (
			);
			dependencies = (
			);
			name = HWMusic;
			productName = HWMusic;
			productReference = 842616351CB88BE20079C1CB /* HWMusic.app */;
			productType = "com.apple.product-type.application";
		};
		8426164D1CB88BE30079C1CB /* HWMusicTests */ = {
			isa = PBXNativeTarget;
			buildConfigurationList = 842616651CB88BE30079C1CB /* Build configuration list for PBXNativeTarget "HWMusicTests" */;
			buildPhases = (
				8426164A1CB88BE30079C1CB /* Sources */,
				8426164B1CB88BE30079C1CB /* Frameworks */,
				8426164C1CB88BE30079C1CB /* Resources */,
			);
			buildRules = (
			);
			dependencies = (
				842616501CB88BE30079C1CB /* PBXTargetDependency */,
			);
			name = HWMusicTests;
			productName = HWMusicTests;
			productReference = 8426164E1CB88BE30079C1CB /* HWMusicTests.xctest */;
			productType = "com.apple.product-type.bundle.unit-test";
		};
		842616581CB88BE30079C1CB /* HWMusicUITests */ = {
			isa = PBXNativeTarget;
			buildConfigurationList = 842616681CB88BE30079C1CB /* Build configuration list for PBXNativeTarget "HWMusicUITests" */;
			buildPhases = (
				842616551CB88BE30079C1CB /* Sources */,
				842616561CB88BE30079C1CB /* Frameworks */,
				842616571CB88BE30079C1CB /* Resources */,
			);
			buildRules = (
			);
			dependencies = (
				8426165B1CB88BE30079C1CB /* PBXTargetDependency */,
			);
			name = HWMusicUITests;
			productName = HWMusicUITests;
			productReference = 842616591CB88BE30079C1CB /* HWMusicUITests.xctest */;
			productType = "com.apple.product-type.bundle.ui-testing";
		};
/* End PBXNativeTarget section */

/* Begin PBXProject section */
		8426162D1CB88BE20079C1CB /* Project object */ = {
			isa = PBXProject;
			attributes = {
				LastUpgradeCheck = 0710;
				ORGANIZATIONNAME = he;
				TargetAttributes = {
					842616341CB88BE20079C1CB = {
						CreatedOnToolsVersion = 7.1.1;
						DevelopmentTeam = ZK6ZYHT9S3;
					};
					8426164D1CB88BE30079C1CB = {
						CreatedOnToolsVersion = 7.1.1;
						DevelopmentTeam = GCA9DQ9GM8;
						TestTargetID = 842616341CB88BE20079C1CB;
					};
					842616581CB88BE30079C1CB = {
						CreatedOnToolsVersion = 7.1.1;
						DevelopmentTeam = GCA9DQ9GM8;
						TestTargetID = 842616341CB88BE20079C1CB;
					};
				};
			};
			buildConfigurationList = 842616301CB88BE20079C1CB /* Build configuration list for PBXProject "HWMusic" */;
			compatibilityVersion = "Xcode 3.2";
			developmentRegion = English;
			hasScannedForEncodings = 0;
			knownRegions = (
				en,
				Base,
			);
			mainGroup = 8426162C1CB88BE20079C1CB;
			productRefGroup = 842616361CB88BE20079C1CB /* Products */;
			projectDirPath = "";
			projectRoot = "";
			targets = (
				842616341CB88BE20079C1CB /* HWMusic */,
				8426164D1CB88BE30079C1CB /* HWMusicTests */,
				842616581CB88BE30079C1CB /* HWMusicUITests */,
			);
		};
/* End PBXProject section */

/* Begin PBXResourcesBuildPhase section */
		842616331CB88BE20079C1CB /* Resources */ = {
			isa = PBXResourcesBuildPhase;
			buildActionMask = 2147483647;
			files = (
				181592F81CBB3EB30033299C /* icon_myfriends@2x.png in Resources */,
				181593371CBB3ED70033299C /* line4.png in Resources */,
				181593421CBB3ED70033299C /* repeat3.png in Resources */,
				1815933C1CBB3ED70033299C /* next.png in Resources */,
				842616481CB88BE30079C1CB /* LaunchScreen.storyboard in Resources */,
				181593331CBB3ED70033299C /* knob.png in Resources */,
				181592EB1CBB3EB30033299C /* defaultold.jpg in Resources */,
				181593001CBB3EB30033299C /* line04.png in Resources */,
				181592E71CBB3EB30033299C /* cell_divider.png in Resources */,
				181592E01CBB3EB30033299C /* background.jpg in Resources */,
				842616451CB88BE30079C1CB /* Assets.xcassets in Resources */,
				181592ED1CBB3EB30033299C /* effect_env_city.jpg in Resources */,
				1815933F1CBB3ED70033299C /* prev.png in Resources */,
				181593011CBB3EB30033299C /* mine_header_bkg.png in Resources */,
				181592E51CBB3EB30033299C /* btn_vs_visual.png in Resources */,
				181592E31CBB3EB30033299C /* btn_back.png in Resources */,
				842616431CB88BE30079C1CB /* Main.storyboard in Resources */,
				1815930D1CBB3EB30033299C /* online-back-ttfm.png in Resources */,
				181593321CBB3ED70033299C /* download.png in Resources */,
				181593131CBB3EB30033299C /* song_list_item_local_list.png in Resources */,
				181593141CBB3EB30033299C /* song_list_item_pause.png in Resources */,
				181593301CBB3ED70033299C /* 3.png in Resources */,
				181593381CBB3ED70033299C /* list.png in Resources */,
				1815933E1CBB3ED70033299C /* play.png in Resources */,
				181592F01CBB3EB30033299C /* effect_env_none.jpg in Resources */,
				181593431CBB3ED70033299C /* repeat4.png in Resources */,
				181592E11CBB3EB30033299C /* bkg_non_first_normal_theme1.png in Resources */,
				181592FF1CBB3EB30033299C /* line03.png in Resources */,
				181593341CBB3ED70033299C /* line1.png in Resources */,
				181592F61CBB3EB30033299C /* icon_icommentd@2x.png in Resources */,
				1815933D1CBB3ED70033299C /* pause.png in Resources */,
				181592F11CBB3EB30033299C /* effect_env_parking_lot.jpg in Resources */,
				1815933A1CBB3ED70033299C /* love2.png in Resources */,
				181593451CBB3ED70033299C /* top.png in Resources */,
				1815930F1CBB3EB30033299C /* playlist-pause.png in Resources */,
				181592EE1CBB3EB30033299C /* effect_env_concert.jpg in Resources */,
				181593091CBB3EB30033299C /* online-back-new.jpg in Resources */,
				181592EF1CBB3EB30033299C /* effect_env_hall.jpg in Resources */,
				181592E41CBB3EB30033299C /* btn_vc_back.png in Resources */,
				181593361CBB3ED70033299C /* line3.png in Resources */,
				181592F21CBB3EB30033299C /* effect_env_parlor.jpg in Resources */,
				1815930C1CBB3EB30033299C /* online-back-singer.jpg in Resources */,
				1815930A1CBB3EB30033299C /* online-back-popular.jpg in Resources */,
				181592F31CBB3EB30033299C /* effect_env_roadway.jpg in Resources */,
				181592FE1CBB3EB30033299C /* line02.png in Resources */,
				181593081CBB3EB30033299C /* online-back-mv.jpg in Resources */,
				181593071CBB3EB30033299C /* online-back-fm.jpg in Resources */,
				181593311CBB3ED70033299C /* bottom.png in Resources */,
				181593441CBB3ED70033299C /* share.png in Resources */,
				181592E91CBB3EB30033299C /* default.jpg in Resources */,
				181593391CBB3ED70033299C /* love.png in Resources */,
				181593041CBB3EB30033299C /* network-disabled.png in Resources */,
				181592EC1CBB3EB30033299C /* effect_env_cave.jpg in Resources */,
				1815930B1CBB3EB30033299C /* online-back-rank.jpg in Resources */,
				181593051CBB3EB30033299C /* nowplaying_default_bkg@2x.png in Resources */,
				181592F41CBB3EB30033299C /* effect_env_stone_house.jpg in Resources */,
				1815930E1CBB3EB30033299C /* playLine.png in Resources */,
				181593121CBB3EB30033299C /* song_list_item_inlove.png in Resources */,
				181593101CBB3EB30033299C /* playlist-resume.png in Resources */,
				181592FB1CBB3EB30033299C /* icon_setting@2x.png in Resources */,
				181593401CBB3ED70033299C /* repeat1.png in Resources */,
				181593351CBB3ED70033299C /* line2.png in Resources */,
				181593411CBB3ED70033299C /* repeat2.png in Resources */,
				181592FA1CBB3EB30033299C /* icon_posted@2x.png in Resources */,
				181593061CBB3EB30033299C /* online-back-cat.jpg in Resources */,
				181592E61CBB3EB30033299C /* button_next.png in Resources */,
				181592FD1CBB3EB30033299C /* line01.png in Resources */,
				181592E81CBB3EB30033299C /* content-empty.png in Resources */,
				181593021CBB3EB30033299C /* musicType.plist in Resources */,
				846476A21CB8EC4D006C2BB3 /* nav_bg.png in Resources */,
				181592E21CBB3EB30033299C /* btn_back_search.png in Resources */,
				181593031CBB3EB30033299C /* mv_cover_topbar_back.png in Resources */,
				1815932F1CBB3ED70033299C /* 2.png in Resources */,
				1815932E1CBB3ED70033299C /* 1.png in Resources */,
				181593111CBB3EB30033299C /* RecommendPosterDefaultImage.jpg in Resources */,
				181593151CBB3EB30033299C /* song_list_item_play.png in Resources */,
				181592EA1CBB3EB30033299C /* default.png in Resources */,
				1815933B1CBB3ED70033299C /* mv.png in Resources */,
				181592F51CBB3EB30033299C /* hot.jpg in Resources */,
				181592F71CBB3EB30033299C /* icon_myfavourate@2x.png in Resources */,
				181592F91CBB3EB30033299C /* icon_nightmode@2x.png in Resources */,
			);
			runOnlyForDeploymentPostprocessing = 0;
		};
		8426164C1CB88BE30079C1CB /* Resources */ = {
			isa = PBXResourcesBuildPhase;
			buildActionMask = 2147483647;
			files = (
			);
			runOnlyForDeploymentPostprocessing = 0;
		};
		842616571CB88BE30079C1CB /* Resources */ = {
			isa = PBXResourcesBuildPhase;
			buildActionMask = 2147483647;
			files = (
			);
			runOnlyForDeploymentPostprocessing = 0;
		};
/* End PBXResourcesBuildPhase section */

/* Begin PBXShellScriptBuildPhase section */
		24B7AFFD54855E10EFB3E28E /* Embed Pods Frameworks */ = {
			isa = PBXShellScriptBuildPhase;
			buildActionMask = 2147483647;
			files = (
			);
			inputPaths = (
			);
			name = "Embed Pods Frameworks";
			outputPaths = (
			);
			runOnlyForDeploymentPostprocessing = 0;
			shellPath = /bin/sh;
			shellScript = "\"${SRCROOT}/Pods/Target Support Files/Pods/Pods-frameworks.sh\"\n";
			showEnvVarsInLog = 0;
		};
		80ECD0E545D20A1B621C55C6 /* Check Pods Manifest.lock */ = {
			isa = PBXShellScriptBuildPhase;
			buildActionMask = 2147483647;
			files = (
			);
			inputPaths = (
			);
			name = "Check Pods Manifest.lock";
			outputPaths = (
			);
			runOnlyForDeploymentPostprocessing = 0;
			shellPath = /bin/sh;
			shellScript = "diff \"${PODS_ROOT}/../Podfile.lock\" \"${PODS_ROOT}/Manifest.lock\" > /dev/null\nif [[ $? != 0 ]] ; then\n    cat << EOM\nerror: The sandbox is not in sync with the Podfile.lock. Run 'pod install' or update your CocoaPods installation.\nEOM\n    exit 1\nfi\n";
			showEnvVarsInLog = 0;
		};
		AB2B3D575DA91D9CB7CA8D7D /* Copy Pods Resources */ = {
			isa = PBXShellScriptBuildPhase;
			buildActionMask = 2147483647;
			files = (
			);
			inputPaths = (
			);
			name = "Copy Pods Resources";
			outputPaths = (
			);
			runOnlyForDeploymentPostprocessing = 0;
			shellPath = /bin/sh;
			shellScript = "\"${SRCROOT}/Pods/Target Support Files/Pods/Pods-resources.sh\"\n";
			showEnvVarsInLog = 0;
		};
/* End PBXShellScriptBuildPhase section */

/* Begin PBXSourcesBuildPhase section */
		842616311CB88BE20079C1CB /* Sources */ = {
			isa = PBXSourcesBuildPhase;
			buildActionMask = 2147483647;
			files = (
				8426163D1CB88BE30079C1CB /* AppDelegate.m in Sources */,
				846476AE1CB8F6C6006C2BB3 /* HMusicHotViewController.m in Sources */,
				8464769B1CB8E983006C2BB3 /* SwipeView.m in Sources */,
				846476B41CB8F700006C2BB3 /* HMineViewController.m in Sources */,
				8426166D1CB88C0F0079C1CB /* HMainViewController.m in Sources */,
				846476AB1CB8F6B1006C2BB3 /* HMusicTypeViewController.m in Sources */,
				846476B11CB8F6F2006C2BB3 /* HMusicSearchViewController.m in Sources */,
				8426163A1CB88BE30079C1CB /* main.m in Sources */,
				846476B71CB8F721006C2BB3 /* HMusicPlayerViewController.m in Sources */,
				846476931CB8D946006C2BB3 /* HTTPManager.m in Sources */,
				181593491CBB3FA30033299C /* MusicTypeCell.m in Sources */,
				84B67B601CB8AF2B0048BB57 /* HObject.m in Sources */,
				84B67B631CB8AFE90048BB57 /* HManger.m in Sources */,
				8464769F1CB8EB28006C2BB3 /* HNavigationController.m in Sources */,
				846476981CB8E5D4006C2BB3 /* Common.m in Sources */,
				18075C7B1CBB547300BE5D14 /* MusicTypeModel.m in Sources */,
			);
			runOnlyForDeploymentPostprocessing = 0;
		};
		8426164A1CB88BE30079C1CB /* Sources */ = {
			isa = PBXSourcesBuildPhase;
			buildActionMask = 2147483647;
			files = (
				842616531CB88BE30079C1CB /* HWMusicTests.m in Sources */,
			);
			runOnlyForDeploymentPostprocessing = 0;
		};
		842616551CB88BE30079C1CB /* Sources */ = {
			isa = PBXSourcesBuildPhase;
			buildActionMask = 2147483647;
			files = (
				8426165E1CB88BE30079C1CB /* HWMusicUITests.m in Sources */,
			);
			runOnlyForDeploymentPostprocessing = 0;
		};
/* End PBXSourcesBuildPhase section */

/* Begin PBXTargetDependency section */
		842616501CB88BE30079C1CB /* PBXTargetDependency */ = {
			isa = PBXTargetDependency;
			target = 842616341CB88BE20079C1CB /* HWMusic */;
			targetProxy = 8426164F1CB88BE30079C1CB /* PBXContainerItemProxy */;
		};
		8426165B1CB88BE30079C1CB /* PBXTargetDependency */ = {
			isa = PBXTargetDependency;
			target = 842616341CB88BE20079C1CB /* HWMusic */;
			targetProxy = 8426165A1CB88BE30079C1CB /* PBXContainerItemProxy */;
		};
/* End PBXTargetDependency section */

/* Begin PBXVariantGroup section */
		842616411CB88BE30079C1CB /* Main.storyboard */ = {
			isa = PBXVariantGroup;
			children = (
				842616421CB88BE30079C1CB /* Base */,
			);
			name = Main.storyboard;
			sourceTree = "<group>";
		};
		842616461CB88BE30079C1CB /* LaunchScreen.storyboard */ = {
			isa = PBXVariantGroup;
			children = (
				842616471CB88BE30079C1CB /* Base */,
			);
			name = LaunchScreen.storyboard;
			sourceTree = "<group>";
		};
/* End PBXVariantGroup section */

/* Begin XCBuildConfiguration section */
		842616601CB88BE30079C1CB /* Debug */ = {
			isa = XCBuildConfiguration;
			buildSettings = {
				ALWAYS_SEARCH_USER_PATHS = NO;
				CLANG_CXX_LANGUAGE_STANDARD = "gnu++0x";
				CLANG_CXX_LIBRARY = "libc++";
				CLANG_ENABLE_MODULES = YES;
				CLANG_ENABLE_OBJC_ARC = YES;
				CLANG_WARN_BOOL_CONVERSION = YES;
				CLANG_WARN_CONSTANT_CONVERSION = YES;
				CLANG_WARN_DIRECT_OBJC_ISA_USAGE = YES_ERROR;
				CLANG_WARN_EMPTY_BODY = YES;
				CLANG_WARN_ENUM_CONVERSION = YES;
				CLANG_WARN_INT_CONVERSION = YES;
				CLANG_WARN_OBJC_ROOT_CLASS = YES_ERROR;
				CLANG_WARN_UNREACHABLE_CODE = YES;
				CLANG_WARN__DUPLICATE_METHOD_MATCH = YES;
				"CODE_SIGN_IDENTITY[sdk=iphoneos*]" = "iPhone Developer";
				COPY_PHASE_STRIP = NO;
				DEBUG_INFORMATION_FORMAT = dwarf;
				ENABLE_STRICT_OBJC_MSGSEND = YES;
				ENABLE_TESTABILITY = YES;
				GCC_C_LANGUAGE_STANDARD = gnu99;
				GCC_DYNAMIC_NO_PIC = NO;
				GCC_NO_COMMON_BLOCKS = YES;
				GCC_OPTIMIZATION_LEVEL = 0;
				GCC_PREPROCESSOR_DEFINITIONS = (
					"DEBUG=1",
					"$(inherited)",
				);
				GCC_WARN_64_TO_32_BIT_CONVERSION = YES;
				GCC_WARN_ABOUT_RETURN_TYPE = YES_ERROR;
				GCC_WARN_UNDECLARED_SELECTOR = YES;
				GCC_WARN_UNINITIALIZED_AUTOS = YES_AGGRESSIVE;
				GCC_WARN_UNUSED_FUNCTION = YES;
				GCC_WARN_UNUSED_VARIABLE = YES;
				IPHONEOS_DEPLOYMENT_TARGET = 9.1;
				MTL_ENABLE_DEBUG_INFO = YES;
				ONLY_ACTIVE_ARCH = YES;
				SDKROOT = iphoneos;
			};
			name = Debug;
		};
		842616611CB88BE30079C1CB /* Release */ = {
			isa = XCBuildConfiguration;
			buildSettings = {
				ALWAYS_SEARCH_USER_PATHS = NO;
				CLANG_CXX_LANGUAGE_STANDARD = "gnu++0x";
				CLANG_CXX_LIBRARY = "libc++";
				CLANG_ENABLE_MODULES = YES;
				CLANG_ENABLE_OBJC_ARC = YES;
				CLANG_WARN_BOOL_CONVERSION = YES;
				CLANG_WARN_CONSTANT_CONVERSION = YES;
				CLANG_WARN_DIRECT_OBJC_ISA_USAGE = YES_ERROR;
				CLANG_WARN_EMPTY_BODY = YES;
				CLANG_WARN_ENUM_CONVERSION = YES;
				CLANG_WARN_INT_CONVERSION = YES;
				CLANG_WARN_OBJC_ROOT_CLASS = YES_ERROR;
				CLANG_WARN_UNREACHABLE_CODE = YES;
				CLANG_WARN__DUPLICATE_METHOD_MATCH = YES;
				"CODE_SIGN_IDENTITY[sdk=iphoneos*]" = "iPhone Developer";
				COPY_PHASE_STRIP = NO;
				DEBUG_INFORMATION_FORMAT = "dwarf-with-dsym";
				ENABLE_NS_ASSERTIONS = NO;
				ENABLE_STRICT_OBJC_MSGSEND = YES;
				GCC_C_LANGUAGE_STANDARD = gnu99;
				GCC_NO_COMMON_BLOCKS = YES;
				GCC_WARN_64_TO_32_BIT_CONVERSION = YES;
				GCC_WARN_ABOUT_RETURN_TYPE = YES_ERROR;
				GCC_WARN_UNDECLARED_SELECTOR = YES;
				GCC_WARN_UNINITIALIZED_AUTOS = YES_AGGRESSIVE;
				GCC_WARN_UNUSED_FUNCTION = YES;
				GCC_WARN_UNUSED_VARIABLE = YES;
				IPHONEOS_DEPLOYMENT_TARGET = 9.1;
				MTL_ENABLE_DEBUG_INFO = NO;
				SDKROOT = iphoneos;
				VALIDATE_PRODUCT = YES;
			};
			name = Release;
		};
		842616631CB88BE30079C1CB /* Debug */ = {
			isa = XCBuildConfiguration;
			baseConfigurationReference = 9A538AC9FF4F8FCEF01DE786 /* Pods.debug.xcconfig */;
			buildSettings = {
				ASSETCATALOG_COMPILER_APPICON_NAME = AppIcon;
				CODE_SIGN_IDENTITY = "iPhone Developer";
				"CODE_SIGN_IDENTITY[sdk=iphoneos*]" = "iPhone Developer";
				GCC_PRECOMPILE_PREFIX_HEADER = YES;
				GCC_PREFIX_HEADER = HWMusic/PrefixHeader.pch;
				INFOPLIST_FILE = HWMusic/Info.plist;
				IPHONEOS_DEPLOYMENT_TARGET = 7.0;
				LD_RUNPATH_SEARCH_PATHS = "$(inherited) @executable_path/Frameworks";
				PRODUCT_BUNDLE_IDENTIFIER = com.hwm.HWMusic;
				PRODUCT_NAME = "$(TARGET_NAME)";
				PROVISIONING_PROFILE = "";
			};
			name = Debug;
		};
		842616641CB88BE30079C1CB /* Release */ = {
			isa = XCBuildConfiguration;
			baseConfigurationReference = 8A3A6FEB4F007F505FF3D75B /* Pods.release.xcconfig */;
			buildSettings = {
				ASSETCATALOG_COMPILER_APPICON_NAME = AppIcon;
				CODE_SIGN_IDENTITY = "iPhone Developer";
				"CODE_SIGN_IDENTITY[sdk=iphoneos*]" = "iPhone Developer";
				GCC_PRECOMPILE_PREFIX_HEADER = YES;
				GCC_PREFIX_HEADER = HWMusic/PrefixHeader.pch;
				INFOPLIST_FILE = HWMusic/Info.plist;
				IPHONEOS_DEPLOYMENT_TARGET = 7.0;
				LD_RUNPATH_SEARCH_PATHS = "$(inherited) @executable_path/Frameworks";
				PRODUCT_BUNDLE_IDENTIFIER = com.hwm.HWMusic;
				PRODUCT_NAME = "$(TARGET_NAME)";
				PROVISIONING_PROFILE = "";
			};
			name = Release;
		};
		842616661CB88BE30079C1CB /* Debug */ = {
			isa = XCBuildConfiguration;
			buildSettings = {
				BUNDLE_LOADER = "$(TEST_HOST)";
				INFOPLIST_FILE = HWMusicTests/Info.plist;
				LD_RUNPATH_SEARCH_PATHS = "$(inherited) @executable_path/Frameworks @loader_path/Frameworks";
				PRODUCT_BUNDLE_IDENTIFIER = com.hwm.HWMusicTests;
				PRODUCT_NAME = "$(TARGET_NAME)";
				TEST_HOST = "$(BUILT_PRODUCTS_DIR)/HWMusic.app/HWMusic";
			};
			name = Debug;
		};
		842616671CB88BE30079C1CB /* Release */ = {
			isa = XCBuildConfiguration;
			buildSettings = {
				BUNDLE_LOADER = "$(TEST_HOST)";
				INFOPLIST_FILE = HWMusicTests/Info.plist;
				LD_RUNPATH_SEARCH_PATHS = "$(inherited) @executable_path/Frameworks @loader_path/Frameworks";
				PRODUCT_BUNDLE_IDENTIFIER = com.hwm.HWMusicTests;
				PRODUCT_NAME = "$(TARGET_NAME)";
				TEST_HOST = "$(BUILT_PRODUCTS_DIR)/HWMusic.app/HWMusic";
			};
			name = Release;
		};
		842616691CB88BE30079C1CB /* Debug */ = {
			isa = XCBuildConfiguration;
			buildSettings = {
				INFOPLIST_FILE = HWMusicUITests/Info.plist;
				LD_RUNPATH_SEARCH_PATHS = "$(inherited) @executable_path/Frameworks @loader_path/Frameworks";
				PRODUCT_BUNDLE_IDENTIFIER = com.hwm.HWMusicUITests;
				PRODUCT_NAME = "$(TARGET_NAME)";
				TEST_TARGET_NAME = HWMusic;
				USES_XCTRUNNER = YES;
			};
			name = Debug;
		};
		8426166A1CB88BE30079C1CB /* Release */ = {
			isa = XCBuildConfiguration;
			buildSettings = {
				INFOPLIST_FILE = HWMusicUITests/Info.plist;
				LD_RUNPATH_SEARCH_PATHS = "$(inherited) @executable_path/Frameworks @loader_path/Frameworks";
				PRODUCT_BUNDLE_IDENTIFIER = com.hwm.HWMusicUITests;
				PRODUCT_NAME = "$(TARGET_NAME)";
				TEST_TARGET_NAME = HWMusic;
				USES_XCTRUNNER = YES;
			};
			name = Release;
		};
/* End XCBuildConfiguration section */

/* Begin XCConfigurationList section */
		842616301CB88BE20079C1CB /* Build configuration list for PBXProject "HWMusic" */ = {
			isa = XCConfigurationList;
			buildConfigurations = (
				842616601CB88BE30079C1CB /* Debug */,
				842616611CB88BE30079C1CB /* Release */,
			);
			defaultConfigurationIsVisible = 0;
			defaultConfigurationName = Release;
		};
		842616621CB88BE30079C1CB /* Build configuration list for PBXNativeTarget "HWMusic" */ = {
			isa = XCConfigurationList;
			buildConfigurations = (
				842616631CB88BE30079C1CB /* Debug */,
				842616641CB88BE30079C1CB /* Release */,
			);
			defaultConfigurationIsVisible = 0;
			defaultConfigurationName = Release;
		};
		842616651CB88BE30079C1CB /* Build configuration list for PBXNativeTarget "HWMusicTests" */ = {
			isa = XCConfigurationList;
			buildConfigurations = (
				842616661CB88BE30079C1CB /* Debug */,
				842616671CB88BE30079C1CB /* Release */,
			);
			defaultConfigurationIsVisible = 0;
			defaultConfigurationName = Release;
		};
		842616681CB88BE30079C1CB /* Build configuration list for PBXNativeTarget "HWMusicUITests" */ = {
			isa = XCConfigurationList;
			buildConfigurations = (
				842616691CB88BE30079C1CB /* Debug */,
				8426166A1CB88BE30079C1CB /* Release */,
			);
			defaultConfigurationIsVisible = 0;
			defaultConfigurationName = Release;
		};
/* End XCConfigurationList section */
	};
	rootObject = 8426162D1CB88BE20079C1CB /* Project object */;
}
